
Microsoft Visual Studio Solution File, Format Version 12.00
# Visual Studio 15
VisualStudioVersion = 15.0.28010.2036
MinimumVisualStudioVersion = 10.0.40219.1
Project("{FAE04EC0-301F-11D3-BF4B-00C04F79EFBC}") = "FileHasher", "FileHasher\FileHasher.csproj", "{5879E039-7296-4F56-929F-178C6C22D42F}"
EndProject
Global
	GlobalSection(SolutionConfigurationPlatforms) = preSolution
		Debug|Any CPU = Debug|Any CPU
		Release|Any CPU = Release|Any CPU
	EndGlobalSection
	GlobalSection(ProjectConfigurationPlatforms) = postSolution
		{5879E039-7296-4F56-929F-178C6C22D42F}.Debug|Any CPU.ActiveCfg = Debug|Any CPU
		{5879E039-7296-4F56-929F-178C6C22D42F}.Debug|Any CPU.Build.0 = Debug|Any CPU
		{5879E039-7296-4F56-929F-178C6C22D42F}.Release|Any CPU.ActiveCfg = Release|Any CPU
		{5879E039-7296-4F56-929F-178C6C22D42F}.Release|Any CPU.Build.0 = Release|Any CPU
	EndGlobalSection
	GlobalSection(SolutionProperties) = preSolution
		HideSolutionNode = FALSE
	EndGlobalSection
	GlobalSection(ExtensibilityGlobals) = postSolution
		SolutionGuid = {AA53235D-68C5-4D5C-BF48-1873E068E956}
	EndGlobalSection
EndGlobal
